
Microsoft Visual Studio Solution File, Format Version 12.00
# Visual Studio Version 16
VisualStudioVersion = 16.0.31624.102
MinimumVisualStudioVersion = 10.0.40219.1
Project("{888888A0-9F3D-457C-B088-3A5042F75D52}") = "Practice_1", "Practice_1\Practice_1.pyproj", "{685980B7-7679-4E4E-A4EE-9F49D7FC4D69}"
EndProject
Global
	GlobalSection(SolutionConfigurationPlatforms) = preSolution
		Debug|Any CPU = Debug|Any CPU
		Release|Any CPU = Release|Any CPU
	EndGlobalSection
	GlobalSection(ProjectConfigurationPlatforms) = postSolution
		{685980B7-7679-4E4E-A4EE-9F49D7FC4D69}.Debug|Any CPU.ActiveCfg = Debug|Any CPU
		{685980B7-7679-4E4E-A4EE-9F49D7FC4D69}.Release|Any CPU.ActiveCfg = Release|Any CPU
	EndGlobalSection
	GlobalSection(SolutionProperties) = preSolution
		HideSolutionNode = FALSE
	EndGlobalSection
	GlobalSection(ExtensibilityGlobals) = postSolution
		SolutionGuid = {1AC90DAD-AE24-4BBB-BEE3-980B3629B427}
	EndGlobalSection
EndGlobal
